{
  "name": "my-module-playground",
  "lockfileVersion": 3,
  "requires": true,
  "packages": {
    "": {
      "name": "my-module-playground",
      "devDependencies": {
        "nuxt-i18n-micro": "../../../src/module"
      }
    },
    "../../../src/module": {
      "dev": true
    },
    "node_modules/nuxt-i18n-micro": {
      "resolved": "../../../src/module",
      "link": true
    }
  }
}
